{
  "name": "@codetrix-studio/capacitor-google-auth",
  "version": "2.1.3",
  "lockfileVersion": 1,
  "requires": true,
  "dependencies": {
    "@capacitor/android": {
      "version": "2.5.0",
      "resolved": "https://registry.npmjs.org/@capacitor/android/-/android-2.5.0.tgz",
      "integrity": "sha512-W25F9GRuqNAN9D6Sd5Lj21ibGqzd8006Tf3mfai6MJj8DB3a1TMp+hueRwt+WhDJAS+T2pnljuR3FD/jd4u2Rw==",
      "dev": true
    },
    "@capacitor/core": {
      "version": "2.5.0",
      "resolved": "https://registry.npmjs.org/@capacitor/core/-/core-2.5.0.tgz",
      "integrity": "sha512-WUkUnqqLtlEYn6tly8t6VR0ABlSVbXdlD/gBbYxx0P+gEqMF9b46uYb2YqyH+8HBDANzTweEySpLfhiSUvYS7w==",
      "requires": {
        "tslib": "^1.9.0"
      }
    },
    "@capacitor/ios": {
      "version": "2.5.0",
      "resolved": "https://registry.npmjs.org/@capacitor/ios/-/ios-2.5.0.tgz",
      "integrity": "sha512-KVgSxKCUllbDJg+hJxZrZy81Xy1rv9T/d0sXcdP0a6uLOf+QceAqxmSnuRIw7dqehC0WLChWvOKrgzIevMarRA==",
      "dev": true
    },
    "@types/gapi": {
      "version": "0.0.36",
      "resolved": "https://registry.npmjs.org/@types/gapi/-/gapi-0.0.36.tgz",
      "integrity": "sha512-biMDn3eNRoPEMaPTEn5DwKXu64ng3U3cDQkePOllZ7uTRcA9lpPqwcLrDPF1cP0v+CrAtyv8w95/eVDSsQYPYQ==",
      "dev": true
    },
    "@types/gapi.auth2": {
      "version": "0.0.50",
      "resolved": "https://registry.npmjs.org/@types/gapi.auth2/-/gapi.auth2-0.0.50.tgz",
      "integrity": "sha512-yQe75u0GZZYGg1VLnnGAK4mpb1gJrTSNPCDncEBrVpMuWQY2etBgrdPFDeR5dDn9ntZCjmuD9bMptdxCke+1bQ==",
      "dev": true,
      "requires": {
        "@types/gapi": "*"
      }
    },
    "tslib": {
      "version": "1.14.1",
      "resolved": "https://registry.npmjs.org/tslib/-/tslib-1.14.1.tgz",
      "integrity": "sha512-Xni35NKzjgMrwevysHTCArtLDpPvye8zV/0E4EyYn43P7/7qvQwPh9BGkHewbMulVntbigmcT7rdX3BNo9wRJg=="
    },
    "typescript": {
      "version": "3.4.5",
      "resolved": "https://registry.npmjs.org/typescript/-/typescript-3.4.5.tgz",
      "integrity": "sha512-YycBxUb49UUhdNMU5aJ7z5Ej2XGmaIBL0x34vZ82fn3hGvD+bgrMrVDpatgz2f7YxUMJxMkbWxJZeAvDxVe7Vw==",
      "dev": true
    }
  }
}
